// !$*UTF8*$!
{
	archiveVersion = 1;
	classes = {
	};
	objectVersion = 46;
	objects = {

/* Begin PBXBuildFile section */
		1880697E1D33B23900D24091 /* FMDatabase.m in Sources */ = {isa = PBXBuildFile; fileRef = 188069731D33B23900D24091 /* FMDatabase.m */; };
		1880697F1D33B23900D24091 /* FMDatabaseAdditions.m in Sources */ = {isa = PBXBuildFile; fileRef = 188069751D33B23900D24091 /* FMDatabaseAdditions.m */; };
		188069801D33B23900D24091 /* FMDatabasePool.m in Sources */ = {isa = PBXBuildFile; fileRef = 188069771D33B23900D24091 /* FMDatabasePool.m */; };
		188069811D33B23900D24091 /* FMDatabaseQueue.m in Sources */ = {isa = PBXBuildFile; fileRef = 188069791D33B23900D24091 /* FMDatabaseQueue.m */; };
		188069821D33B23900D24091 /* FMResultSet.m in Sources */ = {isa = PBXBuildFile; fileRef = 1880697C1D33B23900D24091 /* FMResultSet.m */; };
		188069831D33B23900D24091 /* Info.plist in Resources */ = {isa = PBXBuildFile; fileRef = 1880697D1D33B23900D24091 /* Info.plist */; };
		188069851D33B2B200D24091 /* libsqlite3.tbd in Frameworks */ = {isa = PBXBuildFile; fileRef = 188069841D33B2B200D24091 /* libsqlite3.tbd */; };
		188069881D33B47800D24091 /* NSString+LNString.m in Sources */ = {isa = PBXBuildFile; fileRef = 188069871D33B47800D24091 /* NSString+LNString.m */; };
		188069971D33B87700D24091 /* AFHTTPSessionManager.m in Sources */ = {isa = PBXBuildFile; fileRef = 1880698B1D33B87700D24091 /* AFHTTPSessionManager.m */; };
		188069981D33B87700D24091 /* AFNetworkReachabilityManager.m in Sources */ = {isa = PBXBuildFile; fileRef = 1880698E1D33B87700D24091 /* AFNetworkReachabilityManager.m */; };
		188069991D33B87700D24091 /* AFSecurityPolicy.m in Sources */ = {isa = PBXBuildFile; fileRef = 188069901D33B87700D24091 /* AFSecurityPolicy.m */; };
		1880699A1D33B87700D24091 /* AFURLRequestSerialization.m in Sources */ = {isa = PBXBuildFile; fileRef = 188069921D33B87700D24091 /* AFURLRequestSerialization.m */; };
		1880699B1D33B87700D24091 /* AFURLResponseSerialization.m in Sources */ = {isa = PBXBuildFile; fileRef = 188069941D33B87700D24091 /* AFURLResponseSerialization.m */; };
		1880699C1D33B87700D24091 /* AFURLSessionManager.m in Sources */ = {isa = PBXBuildFile; fileRef = 188069961D33B87700D24091 /* AFURLSessionManager.m */; };
		F4C7A59B1D329B9800994604 /* main.m in Sources */ = {isa = PBXBuildFile; fileRef = F4C7A59A1D329B9800994604 /* main.m */; };
		F4C7A59E1D329B9800994604 /* AppDelegate.m in Sources */ = {isa = PBXBuildFile; fileRef = F4C7A59D1D329B9800994604 /* AppDelegate.m */; };
		F4C7A5A41D329B9800994604 /* Main.storyboard in Resources */ = {isa = PBXBuildFile; fileRef = F4C7A5A21D329B9800994604 /* Main.storyboard */; };
		F4C7A5A61D329B9800994604 /* Assets.xcassets in Resources */ = {isa = PBXBuildFile; fileRef = F4C7A5A51D329B9800994604 /* Assets.xcassets */; };
		F4C7A5A91D329B9800994604 /* LaunchScreen.storyboard in Resources */ = {isa = PBXBuildFile; fileRef = F4C7A5A71D329B9800994604 /* LaunchScreen.storyboard */; };
		F4C7A5BA1D329ECF00994604 /* LNDBManager.m in Sources */ = {isa = PBXBuildFile; fileRef = F4C7A5B91D329ECF00994604 /* LNDBManager.m */; };
		F4C7A5BD1D329F0100994604 /* LNHTTPClient.m in Sources */ = {isa = PBXBuildFile; fileRef = F4C7A5BC1D329F0100994604 /* LNHTTPClient.m */; };
		F4C7A5C11D32A13C00994604 /* UIImage+LNImage.m in Sources */ = {isa = PBXBuildFile; fileRef = F4C7A5C01D32A13C00994604 /* UIImage+LNImage.m */; };
		F4C7A5C91D32A23C00994604 /* LNNavigationController.m in Sources */ = {isa = PBXBuildFile; fileRef = F4C7A5C51D32A23C00994604 /* LNNavigationController.m */; };
		F4C7A5CA1D32A23C00994604 /* LNTabBarController.m in Sources */ = {isa = PBXBuildFile; fileRef = F4C7A5C71D32A23C00994604 /* LNTabBarController.m */; };
		F4C7A5CD1D32A25900994604 /* LNTabBar.m in Sources */ = {isa = PBXBuildFile; fileRef = F4C7A5CC1D32A25900994604 /* LNTabBar.m */; };
/* End PBXBuildFile section */

/* Begin PBXFileReference section */
		188069721D33B23900D24091 /* FMDatabase.h */ = {isa = PBXFileReference; fileEncoding = 4; lastKnownFileType = sourcecode.c.h; path = FMDatabase.h; sourceTree = "<group>"; };
		188069731D33B23900D24091 /* FMDatabase.m */ = {isa = PBXFileReference; fileEncoding = 4; lastKnownFileType = sourcecode.c.objc; path = FMDatabase.m; sourceTree = "<group>"; };
		188069741D33B23900D24091 /* FMDatabaseAdditions.h */ = {isa = PBXFileReference; fileEncoding = 4; lastKnownFileType = sourcecode.c.h; path = FMDatabaseAdditions.h; sourceTree = "<group>"; };
		188069751D33B23900D24091 /* FMDatabaseAdditions.m */ = {isa = PBXFileReference; fileEncoding = 4; lastKnownFileType = sourcecode.c.objc; path = FMDatabaseAdditions.m; sourceTree = "<group>"; };
		188069761D33B23900D24091 /* FMDatabasePool.h */ = {isa = PBXFileReference; fileEncoding = 4; lastKnownFileType = sourcecode.c.h; path = FMDatabasePool.h; sourceTree = "<group>"; };
		188069771D33B23900D24091 /* FMDatabasePool.m */ = {isa = PBXFileReference; fileEncoding = 4; lastKnownFileType = sourcecode.c.objc; path = FMDatabasePool.m; sourceTree = "<group>"; };
		188069781D33B23900D24091 /* FMDatabaseQueue.h */ = {isa = PBXFileReference; fileEncoding = 4; lastKnownFileType = sourcecode.c.h; path = FMDatabaseQueue.h; sourceTree = "<group>"; };
		188069791D33B23900D24091 /* FMDatabaseQueue.m */ = {isa = PBXFileReference; fileEncoding = 4; lastKnownFileType = sourcecode.c.objc; path = FMDatabaseQueue.m; sourceTree = "<group>"; };
		1880697A1D33B23900D24091 /* FMDB.h */ = {isa = PBXFileReference; fileEncoding = 4; lastKnownFileType = sourcecode.c.h; path = FMDB.h; sourceTree = "<group>"; };
		1880697B1D33B23900D24091 /* FMResultSet.h */ = {isa = PBXFileReference; fileEncoding = 4; lastKnownFileType = sourcecode.c.h; path = FMResultSet.h; sourceTree = "<group>"; };
		1880697C1D33B23900D24091 /* FMResultSet.m */ = {isa = PBXFileReference; fileEncoding = 4; lastKnownFileType = sourcecode.c.objc; path = FMResultSet.m; sourceTree = "<group>"; };
		1880697D1D33B23900D24091 /* Info.plist */ = {isa = PBXFileReference; fileEncoding = 4; lastKnownFileType = text.plist.xml; path = Info.plist; sourceTree = "<group>"; };
		188069841D33B2B200D24091 /* libsqlite3.tbd */ = {isa = PBXFileReference; lastKnownFileType = "sourcecode.text-based-dylib-definition"; name = libsqlite3.tbd; path = usr/lib/libsqlite3.tbd; sourceTree = SDKROOT; };
		188069861D33B47800D24091 /* NSString+LNString.h */ = {isa = PBXFileReference; fileEncoding = 4; lastKnownFileType = sourcecode.c.h; path = "NSString+LNString.h"; sourceTree = "<group>"; };
		188069871D33B47800D24091 /* NSString+LNString.m */ = {isa = PBXFileReference; fileEncoding = 4; lastKnownFileType = sourcecode.c.objc; path = "NSString+LNString.m"; sourceTree = "<group>"; };
		1880698A1D33B87700D24091 /* AFHTTPSessionManager.h */ = {isa = PBXFileReference; fileEncoding = 4; lastKnownFileType = sourcecode.c.h; path = AFHTTPSessionManager.h; sourceTree = "<group>"; };
		1880698B1D33B87700D24091 /* AFHTTPSessionManager.m */ = {isa = PBXFileReference; fileEncoding = 4; lastKnownFileType = sourcecode.c.objc; path = AFHTTPSessionManager.m; sourceTree = "<group>"; };
		1880698C1D33B87700D24091 /* AFNetworking.h */ = {isa = PBXFileReference; fileEncoding = 4; lastKnownFileType = sourcecode.c.h; path = AFNetworking.h; sourceTree = "<group>"; };
		1880698D1D33B87700D24091 /* AFNetworkReachabilityManager.h */ = {isa = PBXFileReference; fileEncoding = 4; lastKnownFileType = sourcecode.c.h; path = AFNetworkReachabilityManager.h; sourceTree = "<group>"; };
		1880698E1D33B87700D24091 /* AFNetworkReachabilityManager.m */ = {isa = PBXFileReference; fileEncoding = 4; lastKnownFileType = sourcecode.c.objc; path = AFNetworkReachabilityManager.m; sourceTree = "<group>"; };
		1880698F1D33B87700D24091 /* AFSecurityPolicy.h */ = {isa = PBXFileReference; fileEncoding = 4; lastKnownFileType = sourcecode.c.h; path = AFSecurityPolicy.h; sourceTree = "<group>"; };
		188069901D33B87700D24091 /* AFSecurityPolicy.m */ = {isa = PBXFileReference; fileEncoding = 4; lastKnownFileType = sourcecode.c.objc; path = AFSecurityPolicy.m; sourceTree = "<group>"; };
		188069911D33B87700D24091 /* AFURLRequestSerialization.h */ = {isa = PBXFileReference; fileEncoding = 4; lastKnownFileType = sourcecode.c.h; path = AFURLRequestSerialization.h; sourceTree = "<group>"; };
		188069921D33B87700D24091 /* AFURLRequestSerialization.m */ = {isa = PBXFileReference; fileEncoding = 4; lastKnownFileType = sourcecode.c.objc; path = AFURLRequestSerialization.m; sourceTree = "<group>"; };
		188069931D33B87700D24091 /* AFURLResponseSerialization.h */ = {isa = PBXFileReference; fileEncoding = 4; lastKnownFileType = sourcecode.c.h; path = AFURLResponseSerialization.h; sourceTree = "<group>"; };
		188069941D33B87700D24091 /* AFURLResponseSerialization.m */ = {isa = PBXFileReference; fileEncoding = 4; lastKnownFileType = sourcecode.c.objc; path = AFURLResponseSerialization.m; sourceTree = "<group>"; };
		188069951D33B87700D24091 /* AFURLSessionManager.h */ = {isa = PBXFileReference; fileEncoding = 4; lastKnownFileType = sourcecode.c.h; path = AFURLSessionManager.h; sourceTree = "<group>"; };
		188069961D33B87700D24091 /* AFURLSessionManager.m */ = {isa = PBXFileReference; fileEncoding = 4; lastKnownFileType = sourcecode.c.objc; path = AFURLSessionManager.m; sourceTree = "<group>"; };
		F4C7A5961D329B9800994604 /* LNFramework.app */ = {isa = PBXFileReference; explicitFileType = wrapper.application; includeInIndex = 0; path = LNFramework.app; sourceTree = BUILT_PRODUCTS_DIR; };
		F4C7A59A1D329B9800994604 /* main.m */ = {isa = PBXFileReference; lastKnownFileType = sourcecode.c.objc; path = main.m; sourceTree = "<group>"; };
		F4C7A59C1D329B9800994604 /* AppDelegate.h */ = {isa = PBXFileReference; lastKnownFileType = sourcecode.c.h; path = AppDelegate.h; sourceTree = "<group>"; };
		F4C7A59D1D329B9800994604 /* AppDelegate.m */ = {isa = PBXFileReference; lastKnownFileType = sourcecode.c.objc; path = AppDelegate.m; sourceTree = "<group>"; };
		F4C7A5A31D329B9800994604 /* Base */ = {isa = PBXFileReference; lastKnownFileType = file.storyboard; name = Base; path = Base.lproj/Main.storyboard; sourceTree = "<group>"; };
		F4C7A5A51D329B9800994604 /* Assets.xcassets */ = {isa = PBXFileReference; lastKnownFileType = folder.assetcatalog; path = Assets.xcassets; sourceTree = "<group>"; };
		F4C7A5A81D329B9800994604 /* Base */ = {isa = PBXFileReference; lastKnownFileType = file.storyboard; name = Base; path = Base.lproj/LaunchScreen.storyboard; sourceTree = "<group>"; };
		F4C7A5AA1D329B9800994604 /* Info.plist */ = {isa = PBXFileReference; lastKnownFileType = text.plist.xml; path = Info.plist; sourceTree = "<group>"; };
		F4C7A5B81D329ECF00994604 /* LNDBManager.h */ = {isa = PBXFileReference; fileEncoding = 4; lastKnownFileType = sourcecode.c.h; path = LNDBManager.h; sourceTree = "<group>"; };
		F4C7A5B91D329ECF00994604 /* LNDBManager.m */ = {isa = PBXFileReference; fileEncoding = 4; lastKnownFileType = sourcecode.c.objc; path = LNDBManager.m; sourceTree = "<group>"; };
		F4C7A5BB1D329F0100994604 /* LNHTTPClient.h */ = {isa = PBXFileReference; fileEncoding = 4; lastKnownFileType = sourcecode.c.h; path = LNHTTPClient.h; sourceTree = "<group>"; };
		F4C7A5BC1D329F0100994604 /* LNHTTPClient.m */ = {isa = PBXFileReference; fileEncoding = 4; lastKnownFileType = sourcecode.c.objc; path = LNHTTPClient.m; sourceTree = "<group>"; };
		F4C7A5BF1D32A13C00994604 /* UIImage+LNImage.h */ = {isa = PBXFileReference; fileEncoding = 4; lastKnownFileType = sourcecode.c.h; path = "UIImage+LNImage.h"; sourceTree = "<group>"; };
		F4C7A5C01D32A13C00994604 /* UIImage+LNImage.m */ = {isa = PBXFileReference; fileEncoding = 4; lastKnownFileType = sourcecode.c.objc; path = "UIImage+LNImage.m"; sourceTree = "<group>"; };
		F4C7A5C41D32A23C00994604 /* LNNavigationController.h */ = {isa = PBXFileReference; fileEncoding = 4; lastKnownFileType = sourcecode.c.h; path = LNNavigationController.h; sourceTree = "<group>"; };
		F4C7A5C51D32A23C00994604 /* LNNavigationController.m */ = {isa = PBXFileReference; fileEncoding = 4; lastKnownFileType = sourcecode.c.objc; path = LNNavigationController.m; sourceTree = "<group>"; };
		F4C7A5C61D32A23C00994604 /* LNTabBarController.h */ = {isa = PBXFileReference; fileEncoding = 4; lastKnownFileType = sourcecode.c.h; path = LNTabBarController.h; sourceTree = "<group>"; };
		F4C7A5C71D32A23C00994604 /* LNTabBarController.m */ = {isa = PBXFileReference; fileEncoding = 4; lastKnownFileType = sourcecode.c.objc; path = LNTabBarController.m; sourceTree = "<group>"; };
		F4C7A5CB1D32A25900994604 /* LNTabBar.h */ = {isa = PBXFileReference; fileEncoding = 4; lastKnownFileType = sourcecode.c.h; path = LNTabBar.h; sourceTree = "<group>"; };
		F4C7A5CC1D32A25900994604 /* LNTabBar.m */ = {isa = PBXFileReference; fileEncoding = 4; lastKnownFileType = sourcecode.c.objc; path = LNTabBar.m; sourceTree = "<group>"; };
/* End PBXFileReference section */

/* Begin PBXFrameworksBuildPhase section */
		F4C7A5931D329B9800994604 /* Frameworks */ = {
			isa = PBXFrameworksBuildPhase;
			buildActionMask = 2147483647;
			files = (
				188069851D33B2B200D24091 /* libsqlite3.tbd in Frameworks */,
			);
			runOnlyForDeploymentPostprocessing = 0;
		};
/* End PBXFrameworksBuildPhase section */

/* Begin PBXGroup section */
		188069711D33B23900D24091 /* fmdb */ = {
			isa = PBXGroup;
			children = (
				188069721D33B23900D24091 /* FMDatabase.h */,
				188069731D33B23900D24091 /* FMDatabase.m */,
				188069741D33B23900D24091 /* FMDatabaseAdditions.h */,
				188069751D33B23900D24091 /* FMDatabaseAdditions.m */,
				188069761D33B23900D24091 /* FMDatabasePool.h */,
				188069771D33B23900D24091 /* FMDatabasePool.m */,
				188069781D33B23900D24091 /* FMDatabaseQueue.h */,
				188069791D33B23900D24091 /* FMDatabaseQueue.m */,
				1880697A1D33B23900D24091 /* FMDB.h */,
				1880697B1D33B23900D24091 /* FMResultSet.h */,
				1880697C1D33B23900D24091 /* FMResultSet.m */,
				1880697D1D33B23900D24091 /* Info.plist */,
			);
			path = fmdb;
			sourceTree = "<group>";
		};
		188069891D33B87700D24091 /* AFNetworking */ = {
			isa = PBXGroup;
			children = (
				1880698A1D33B87700D24091 /* AFHTTPSessionManager.h */,
				1880698B1D33B87700D24091 /* AFHTTPSessionManager.m */,
				1880698C1D33B87700D24091 /* AFNetworking.h */,
				1880698D1D33B87700D24091 /* AFNetworkReachabilityManager.h */,
				1880698E1D33B87700D24091 /* AFNetworkReachabilityManager.m */,
				1880698F1D33B87700D24091 /* AFSecurityPolicy.h */,
				188069901D33B87700D24091 /* AFSecurityPolicy.m */,
				188069911D33B87700D24091 /* AFURLRequestSerialization.h */,
				188069921D33B87700D24091 /* AFURLRequestSerialization.m */,
				188069931D33B87700D24091 /* AFURLResponseSerialization.h */,
				188069941D33B87700D24091 /* AFURLResponseSerialization.m */,
				188069951D33B87700D24091 /* AFURLSessionManager.h */,
				188069961D33B87700D24091 /* AFURLSessionManager.m */,
			);
			path = AFNetworking;
			sourceTree = "<group>";
		};
		F4C7A58D1D329B9800994604 = {
			isa = PBXGroup;
			children = (
				188069841D33B2B200D24091 /* libsqlite3.tbd */,
				F4C7A5981D329B9800994604 /* LNFramework */,
				F4C7A5971D329B9800994604 /* Products */,
			);
			sourceTree = "<group>";
		};
		F4C7A5971D329B9800994604 /* Products */ = {
			isa = PBXGroup;
			children = (
				F4C7A5961D329B9800994604 /* LNFramework.app */,
			);
			name = Products;
			sourceTree = "<group>";
		};
		F4C7A5981D329B9800994604 /* LNFramework */ = {
			isa = PBXGroup;
			children = (
				188069891D33B87700D24091 /* AFNetworking */,
				188069711D33B23900D24091 /* fmdb */,
				F4C7A5C21D32A23C00994604 /* UIs */,
				F4C7A5BE1D32A0E600994604 /* Category */,
				F4C7A5B01D329E2B00994604 /* Tool */,
				F4C7A59C1D329B9800994604 /* AppDelegate.h */,
				F4C7A59D1D329B9800994604 /* AppDelegate.m */,
				F4C7A5A21D329B9800994604 /* Main.storyboard */,
				F4C7A5A51D329B9800994604 /* Assets.xcassets */,
				F4C7A5A71D329B9800994604 /* LaunchScreen.storyboard */,
				F4C7A5AA1D329B9800994604 /* Info.plist */,
				F4C7A5991D329B9800994604 /* Supporting Files */,
			);
			path = LNFramework;
			sourceTree = "<group>";
		};
		F4C7A5991D329B9800994604 /* Supporting Files */ = {
			isa = PBXGroup;
			children = (
				F4C7A59A1D329B9800994604 /* main.m */,
			);
			name = "Supporting Files";
			sourceTree = "<group>";
		};
		F4C7A5B01D329E2B00994604 /* Tool */ = {
			isa = PBXGroup;
			children = (
				F4C7A5B81D329ECF00994604 /* LNDBManager.h */,
				F4C7A5B91D329ECF00994604 /* LNDBManager.m */,
				F4C7A5BB1D329F0100994604 /* LNHTTPClient.h */,
				F4C7A5BC1D329F0100994604 /* LNHTTPClient.m */,
			);
			path = Tool;
			sourceTree = "<group>";
		};
		F4C7A5BE1D32A0E600994604 /* Category */ = {
			isa = PBXGroup;
			children = (
				F4C7A5BF1D32A13C00994604 /* UIImage+LNImage.h */,
				F4C7A5C01D32A13C00994604 /* UIImage+LNImage.m */,
				188069861D33B47800D24091 /* NSString+LNString.h */,
				188069871D33B47800D24091 /* NSString+LNString.m */,
			);
			path = Category;
			sourceTree = "<group>";
		};
		F4C7A5C21D32A23C00994604 /* UIs */ = {
			isa = PBXGroup;
			children = (
				F4C7A5C31D32A23C00994604 /* Controller */,
				F4C7A5C81D32A23C00994604 /* View */,
			);
			path = UIs;
			sourceTree = "<group>";
		};
		F4C7A5C31D32A23C00994604 /* Controller */ = {
			isa = PBXGroup;
			children = (
				F4C7A5C41D32A23C00994604 /* LNNavigationController.h */,
				F4C7A5C51D32A23C00994604 /* LNNavigationController.m */,
				F4C7A5C61D32A23C00994604 /* LNTabBarController.h */,
				F4C7A5C71D32A23C00994604 /* LNTabBarController.m */,
			);
			path = Controller;
			sourceTree = "<group>";
		};
		F4C7A5C81D32A23C00994604 /* View */ = {
			isa = PBXGroup;
			children = (
				F4C7A5CB1D32A25900994604 /* LNTabBar.h */,
				F4C7A5CC1D32A25900994604 /* LNTabBar.m */,
			);
			path = View;
			sourceTree = "<group>";
		};
/* End PBXGroup section */

/* Begin PBXNativeTarget section */
		F4C7A5951D329B9800994604 /* LNFramework */ = {
			isa = PBXNativeTarget;
			buildConfigurationList = F4C7A5AD1D329B9800994604 /* Build configuration list for PBXNativeTarget "LNFramework" */;
			buildPhases = (
				F4C7A5921D329B9800994604 /* Sources */,
				F4C7A5931D329B9800994604 /* Frameworks */,
				F4C7A5941D329B9800994604 /* Resources */,
			);
			buildRules = (
			);
			dependencies = (
			);
			name = LNFramework;
			productName = LNFramework;
			productReference = F4C7A5961D329B9800994604 /* LNFramework.app */;
			productType = "com.apple.product-type.application";
		};
/* End PBXNativeTarget section */

/* Begin PBXProject section */
		F4C7A58E1D329B9800994604 /* Project object */ = {
			isa = PBXProject;
			attributes = {
				CLASSPREFIX = LN;
				LastUpgradeCheck = 0720;
				ORGANIZATIONNAME = lin;
				TargetAttributes = {
					F4C7A5951D329B9800994604 = {
						CreatedOnToolsVersion = 7.2.1;
						DevelopmentTeam = LBG6T7W573;
					};
				};
			};
			buildConfigurationList = F4C7A5911D329B9800994604 /* Build configuration list for PBXProject "LNFramework" */;
			compatibilityVersion = "Xcode 3.2";
			developmentRegion = English;
			hasScannedForEncodings = 0;
			knownRegions = (
				en,
				Base,
			);
			mainGroup = F4C7A58D1D329B9800994604;
			productRefGroup = F4C7A5971D329B9800994604 /* Products */;
			projectDirPath = "";
			projectRoot = "";
			targets = (
				F4C7A5951D329B9800994604 /* LNFramework */,
			);
		};
/* End PBXProject section */

/* Begin PBXResourcesBuildPhase section */
		F4C7A5941D329B9800994604 /* Resources */ = {
			isa = PBXResourcesBuildPhase;
			buildActionMask = 2147483647;
			files = (
				188069831D33B23900D24091 /* Info.plist in Resources */,
				F4C7A5A91D329B9800994604 /* LaunchScreen.storyboard in Resources */,
				F4C7A5A61D329B9800994604 /* Assets.xcassets in Resources */,
				F4C7A5A41D329B9800994604 /* Main.storyboard in Resources */,
			);
			runOnlyForDeploymentPostprocessing = 0;
		};
/* End PBXResourcesBuildPhase section */

/* Begin PBXSourcesBuildPhase section */
		F4C7A5921D329B9800994604 /* Sources */ = {
			isa = PBXSourcesBuildPhase;
			buildActionMask = 2147483647;
			files = (
				188069881D33B47800D24091 /* NSString+LNString.m in Sources */,
				F4C7A5BD1D329F0100994604 /* LNHTTPClient.m in Sources */,
				F4C7A59E1D329B9800994604 /* AppDelegate.m in Sources */,
				F4C7A5BA1D329ECF00994604 /* LNDBManager.m in Sources */,
				1880697E1D33B23900D24091 /* FMDatabase.m in Sources */,
				1880699C1D33B87700D24091 /* AFURLSessionManager.m in Sources */,
				F4C7A5CD1D32A25900994604 /* LNTabBar.m in Sources */,
				188069981D33B87700D24091 /* AFNetworkReachabilityManager.m in Sources */,
				188069811D33B23900D24091 /* FMDatabaseQueue.m in Sources */,
				188069821D33B23900D24091 /* FMResultSet.m in Sources */,
				1880699B1D33B87700D24091 /* AFURLResponseSerialization.m in Sources */,
				1880699A1D33B87700D24091 /* AFURLRequestSerialization.m in Sources */,
				188069991D33B87700D24091 /* AFSecurityPolicy.m in Sources */,
				188069801D33B23900D24091 /* FMDatabasePool.m in Sources */,
				F4C7A5C11D32A13C00994604 /* UIImage+LNImage.m in Sources */,
				F4C7A5CA1D32A23C00994604 /* LNTabBarController.m in Sources */,
				F4C7A59B1D329B9800994604 /* main.m in Sources */,
				188069971D33B87700D24091 /* AFHTTPSessionManager.m in Sources */,
				F4C7A5C91D32A23C00994604 /* LNNavigationController.m in Sources */,
				1880697F1D33B23900D24091 /* FMDatabaseAdditions.m in Sources */,
			);
			runOnlyForDeploymentPostprocessing = 0;
		};
/* End PBXSourcesBuildPhase section */

/* Begin PBXVariantGroup section */
		F4C7A5A21D329B9800994604 /* Main.storyboard */ = {
			isa = PBXVariantGroup;
			children = (
				F4C7A5A31D329B9800994604 /* Base */,
			);
			name = Main.storyboard;
			sourceTree = "<group>";
		};
		F4C7A5A71D329B9800994604 /* LaunchScreen.storyboard */ = {
			isa = PBXVariantGroup;
			children = (
				F4C7A5A81D329B9800994604 /* Base */,
			);
			name = LaunchScreen.storyboard;
			sourceTree = "<group>";
		};
/* End PBXVariantGroup section */

/* Begin XCBuildConfiguration section */
		F4C7A5AB1D329B9800994604 /* Debug */ = {
			isa = XCBuildConfiguration;
			buildSettings = {
				ALWAYS_SEARCH_USER_PATHS = NO;
				CLANG_CXX_LANGUAGE_STANDARD = "gnu++0x";
				CLANG_CXX_LIBRARY = "libc++";
				CLANG_ENABLE_MODULES = YES;
				CLANG_ENABLE_OBJC_ARC = YES;
				CLANG_WARN_BOOL_CONVERSION = YES;
				CLANG_WARN_CONSTANT_CONVERSION = YES;
				CLANG_WARN_DIRECT_OBJC_ISA_USAGE = YES_ERROR;
				CLANG_WARN_EMPTY_BODY = YES;
				CLANG_WARN_ENUM_CONVERSION = YES;
				CLANG_WARN_INT_CONVERSION = YES;
				CLANG_WARN_OBJC_ROOT_CLASS = YES_ERROR;
				CLANG_WARN_UNREACHABLE_CODE = YES;
				CLANG_WARN__DUPLICATE_METHOD_MATCH = YES;
				"CODE_SIGN_IDENTITY[sdk=iphoneos*]" = "iPhone Developer";
				COPY_PHASE_STRIP = NO;
				DEBUG_INFORMATION_FORMAT = dwarf;
				ENABLE_STRICT_OBJC_MSGSEND = YES;
				ENABLE_TESTABILITY = YES;
				GCC_C_LANGUAGE_STANDARD = gnu99;
				GCC_DYNAMIC_NO_PIC = NO;
				GCC_NO_COMMON_BLOCKS = YES;
				GCC_OPTIMIZATION_LEVEL = 0;
				GCC_PREPROCESSOR_DEFINITIONS = (
					"DEBUG=1",
					"$(inherited)",
				);
				GCC_WARN_64_TO_32_BIT_CONVERSION = YES;
				GCC_WARN_ABOUT_RETURN_TYPE = YES_ERROR;
				GCC_WARN_UNDECLARED_SELECTOR = YES;
				GCC_WARN_UNINITIALIZED_AUTOS = YES_AGGRESSIVE;
				GCC_WARN_UNUSED_FUNCTION = YES;
				GCC_WARN_UNUSED_VARIABLE = YES;
				IPHONEOS_DEPLOYMENT_TARGET = 9.2;
				MTL_ENABLE_DEBUG_INFO = YES;
				ONLY_ACTIVE_ARCH = YES;
				SDKROOT = iphoneos;
			};
			name = Debug;
		};
		F4C7A5AC1D329B9800994604 /* Release */ = {
			isa = XCBuildConfiguration;
			buildSettings = {
				ALWAYS_SEARCH_USER_PATHS = NO;
				CLANG_CXX_LANGUAGE_STANDARD = "gnu++0x";
				CLANG_CXX_LIBRARY = "libc++";
				CLANG_ENABLE_MODULES = YES;
				CLANG_ENABLE_OBJC_ARC = YES;
				CLANG_WARN_BOOL_CONVERSION = YES;
				CLANG_WARN_CONSTANT_CONVERSION = YES;
				CLANG_WARN_DIRECT_OBJC_ISA_USAGE = YES_ERROR;
				CLANG_WARN_EMPTY_BODY = YES;
				CLANG_WARN_ENUM_CONVERSION = YES;
				CLANG_WARN_INT_CONVERSION = YES;
				CLANG_WARN_OBJC_ROOT_CLASS = YES_ERROR;
				CLANG_WARN_UNREACHABLE_CODE = YES;
				CLANG_WARN__DUPLICATE_METHOD_MATCH = YES;
				"CODE_SIGN_IDENTITY[sdk=iphoneos*]" = "iPhone Developer";
				COPY_PHASE_STRIP = NO;
				DEBUG_INFORMATION_FORMAT = "dwarf-with-dsym";
				ENABLE_NS_ASSERTIONS = NO;
				ENABLE_STRICT_OBJC_MSGSEND = YES;
				GCC_C_LANGUAGE_STANDARD = gnu99;
				GCC_NO_COMMON_BLOCKS = YES;
				GCC_WARN_64_TO_32_BIT_CONVERSION = YES;
				GCC_WARN_ABOUT_RETURN_TYPE = YES_ERROR;
				GCC_WARN_UNDECLARED_SELECTOR = YES;
				GCC_WARN_UNINITIALIZED_AUTOS = YES_AGGRESSIVE;
				GCC_WARN_UNUSED_FUNCTION = YES;
				GCC_WARN_UNUSED_VARIABLE = YES;
				IPHONEOS_DEPLOYMENT_TARGET = 9.2;
				MTL_ENABLE_DEBUG_INFO = NO;
				SDKROOT = iphoneos;
				VALIDATE_PRODUCT = YES;
			};
			name = Release;
		};
		F4C7A5AE1D329B9800994604 /* Debug */ = {
			isa = XCBuildConfiguration;
			buildSettings = {
				ASSETCATALOG_COMPILER_APPICON_NAME = AppIcon;
				INFOPLIST_FILE = LNFramework/Info.plist;
				IPHONEOS_DEPLOYMENT_TARGET = 9.0;
				LD_RUNPATH_SEARCH_PATHS = "$(inherited) @executable_path/Frameworks";
				PRODUCT_BUNDLE_IDENTIFIER = young.LNFramework;
				PRODUCT_NAME = "$(TARGET_NAME)";
			};
			name = Debug;
		};
		F4C7A5AF1D329B9800994604 /* Release */ = {
			isa = XCBuildConfiguration;
			buildSettings = {
				ASSETCATALOG_COMPILER_APPICON_NAME = AppIcon;
				INFOPLIST_FILE = LNFramework/Info.plist;
				IPHONEOS_DEPLOYMENT_TARGET = 9.0;
				LD_RUNPATH_SEARCH_PATHS = "$(inherited) @executable_path/Frameworks";
				PRODUCT_BUNDLE_IDENTIFIER = young.LNFramework;
				PRODUCT_NAME = "$(TARGET_NAME)";
			};
			name = Release;
		};
/* End XCBuildConfiguration section */

/* Begin XCConfigurationList section */
		F4C7A5911D329B9800994604 /* Build configuration list for PBXProject "LNFramework" */ = {
			isa = XCConfigurationList;
			buildConfigurations = (
				F4C7A5AB1D329B9800994604 /* Debug */,
				F4C7A5AC1D329B9800994604 /* Release */,
			);
			defaultConfigurationIsVisible = 0;
			defaultConfigurationName = Release;
		};
		F4C7A5AD1D329B9800994604 /* Build configuration list for PBXNativeTarget "LNFramework" */ = {
			isa = XCConfigurationList;
			buildConfigurations = (
				F4C7A5AE1D329B9800994604 /* Debug */,
				F4C7A5AF1D329B9800994604 /* Release */,
			);
			defaultConfigurationIsVisible = 0;
			defaultConfigurationName = Release;
		};
/* End XCConfigurationList section */
	};
	rootObject = F4C7A58E1D329B9800994604 /* Project object */;
}
